<?xml version="1.0" encoding="utf-8"?>
<Project ToolsVersion="4.0" xmlns="http://schemas.microsoft.com/developer/msbuild/2003">
  <ItemGroup>
    <Filter Include="Source Files">
      <UniqueIdentifier>{4FC737F1-C7A5-4376-A066-2A32D752A2FF}</UniqueIdentifier>
      <Extensions>cpp;c;cc;cxx;def;odl;idl;hpj;bat;asm;asmx</Extensions>
    </Filter>
    <Filter Include="Source Files\lm_sys">
      <UniqueIdentifier>{d83c654a-675a-468e-be96-e6d6cf4ce460}</UniqueIdentifier>
    </Filter>
    <Filter Include="Header Files">
      <UniqueIdentifier>{93995380-89BD-4b04-88EB-625FBE52EBFB}</UniqueIdentifier>
      <Extensions>h;hpp;hxx;hm;inl;inc;xsd</Extensions>
    </Filter>
    <Filter Include="Header Files\lm_sys">
      <UniqueIdentifier>{e91a199a-34e0-4668-a87c-f25686aa45d8}</UniqueIdentifier>
    </Filter>
    <Filter Include="Resource Files">
      <UniqueIdentifier>{67DA6AB6-F800-4c08-8B7A-83BB121AAD01}</UniqueIdentifier>
      <Extensions>rc;ico;cur;bmp;dlg;rc2;rct;bin;rgs;gif;jpg;jpeg;jpe;resx;tiff;tif;png;wav</Extensions>
    </Filter>
    <Filter Include="3rdParty">
      <UniqueIdentifier>{47105cb7-2449-4bba-80e9-f3c3054fcff1}</UniqueIdentifier>
    </Filter>
    <Filter Include="3rdParty\ML_lib">
      <UniqueIdentifier>{bd3e73dd-3f62-4bd5-92f3-3bb676958f45}</UniqueIdentifier>
    </Filter>
  </ItemGroup>
  <ItemGroup>
    <ClCompile Include="AnimDialog.cpp">
      <Filter>Source Files</Filter>
    </ClCompile>
    <ClCompile Include="..\common\common.c">
      <Filter>Source Files</Filter>
    </ClCompile>
    <ClCompile Include="DlgSaveAs.cpp">
      <Filter>Source Files</Filter>
    </ClCompile>
    <ClCompile Include="..\common\lg_func.c">
      <Filter>Source Files</Filter>
    </ClCompile>
    <ClCompile Include="LMEdit.cpp">
      <Filter>Source Files</Filter>
    </ClCompile>
    <ClCompile Include="LMEditDoc.cpp">
      <Filter>Source Files</Filter>
    </ClCompile>
    <ClCompile Include="LMEditView.cpp">
      <Filter>Source Files</Filter>
    </ClCompile>
    <ClCompile Include="MainFrm.cpp">
      <Filter>Source Files</Filter>
    </ClCompile>
    <ClCompile Include="stdafx.cpp">
      <Filter>Source Files</Filter>
    </ClCompile>
    <ClCompile Include="..\lm_sys\lm_mesh2.cpp">
      <Filter>Source Files\lm_sys</Filter>
    </ClCompile>
    <ClCompile Include="..\lm_sys\lm_mesh_anim.cpp">
      <Filter>Source Files\lm_sys</Filter>
    </ClCompile>
    <ClCompile Include="..\lm_sys\lm_mesh_edit.cpp">
      <Filter>Source Files\lm_sys</Filter>
    </ClCompile>
    <ClCompile Include="..\lm_sys\lm_skel2.cpp">
      <Filter>Source Files\lm_sys</Filter>
    </ClCompile>
    <ClCompile Include="..\lm_sys\lm_skel_edit.cpp">
      <Filter>Source Files\lm_sys</Filter>
    </ClCompile>
    <ClCompile Include="..\3rdParty\ML_lib\ML_aabb.c">
      <Filter>3rdParty\ML_lib</Filter>
    </ClCompile>
    <ClCompile Include="..\3rdParty\ML_lib\ML_main.c">
      <Filter>3rdParty\ML_lib</Filter>
    </ClCompile>
    <ClCompile Include="..\3rdParty\ML_lib\ML_mat.c">
      <Filter>3rdParty\ML_lib</Filter>
    </ClCompile>
    <ClCompile Include="..\3rdParty\ML_lib\ML_mat_F.c">
      <Filter>3rdParty\ML_lib</Filter>
    </ClCompile>
    <ClCompile Include="..\3rdParty\ML_lib\ML_misc_F.c">
      <Filter>3rdParty\ML_lib</Filter>
    </ClCompile>
    <ClCompile Include="..\3rdParty\ML_lib\ML_plane.c">
      <Filter>3rdParty\ML_lib</Filter>
    </ClCompile>
    <ClCompile Include="..\3rdParty\ML_lib\ML_quat.c">
      <Filter>3rdParty\ML_lib</Filter>
    </ClCompile>
    <ClCompile Include="..\3rdParty\ML_lib\ML_vec3_F.c">
      <Filter>3rdParty\ML_lib</Filter>
    </ClCompile>
  </ItemGroup>
  <ItemGroup>
    <ClInclude Include="AnimDialog.h">
      <Filter>Header Files</Filter>
    </ClInclude>
    <ClInclude Include="..\common\common.h">
      <Filter>Header Files</Filter>
    </ClInclude>
    <ClInclude Include="DlgSaveAs.h">
      <Filter>Header Files</Filter>
    </ClInclude>
    <ClInclude Include="LMEdit.h">
      <Filter>Header Files</Filter>
    </ClInclude>
    <ClInclude Include="LMEditDoc.h">
      <Filter>Header Files</Filter>
    </ClInclude>
    <ClInclude Include="LMEditView.h">
      <Filter>Header Files</Filter>
    </ClInclude>
    <ClInclude Include="MainFrm.h">
      <Filter>Header Files</Filter>
    </ClInclude>
    <ClInclude Include="Resource.h">
      <Filter>Header Files</Filter>
    </ClInclude>
    <ClInclude Include="stdafx.h">
      <Filter>Header Files</Filter>
    </ClInclude>
    <ClInclude Include="..\lm_sys\lm_base.h">
      <Filter>Header Files\lm_sys</Filter>
    </ClInclude>
    <ClInclude Include="..\lm_sys\lm_mesh.h">
      <Filter>Header Files\lm_sys</Filter>
    </ClInclude>
    <ClInclude Include="..\lm_sys\lm_mesh_anim.h">
      <Filter>Header Files\lm_sys</Filter>
    </ClInclude>
    <ClInclude Include="..\lm_sys\lm_mesh_edit.h">
      <Filter>Header Files\lm_sys</Filter>
    </ClInclude>
    <ClInclude Include="..\lm_sys\lm_skel.h">
      <Filter>Header Files\lm_sys</Filter>
    </ClInclude>
    <ClInclude Include="..\lm_sys\lm_skel_edit.h">
      <Filter>Header Files\lm_sys</Filter>
    </ClInclude>
    <ClInclude Include="..\3rdParty\ML_lib\ML_lib.h">
      <Filter>3rdParty\ML_lib</Filter>
    </ClInclude>
    <ClInclude Include="..\3rdParty\ML_lib\ML_mat.h">
      <Filter>3rdParty\ML_lib</Filter>
    </ClInclude>
    <ClInclude Include="..\3rdParty\ML_lib\ML_types.h">
      <Filter>3rdParty\ML_lib</Filter>
    </ClInclude>
    <ClInclude Include="..\3rdParty\ML_lib\ML_vec3.h">
      <Filter>3rdParty\ML_lib</Filter>
    </ClInclude>
  </ItemGroup>
  <ItemGroup>
    <Image Include="res\LMEdit.ico">
      <Filter>Resource Files</Filter>
    </Image>
    <Image Include="res\LMEditDoc.ico">
      <Filter>Resource Files</Filter>
    </Image>
    <Image Include="res\Toolbar.bmp">
      <Filter>Resource Files</Filter>
    </Image>
  </ItemGroup>
  <ItemGroup>
    <ResourceCompile Include="LMEdit.rc">
      <Filter>Resource Files</Filter>
    </ResourceCompile>
  </ItemGroup>
  <ItemGroup>
    <None Include="res\LMEdit.rc2">
      <Filter>Resource Files</Filter>
    </None>
    <None Include="LMEdit.reg" />
    <None Include="..\3rdParty\ML_lib\ML_vec3_SSE.nasm" />
    <None Include="..\3rdParty\ML_lib\ML_vec3_3DNOW.nasm" />
    <None Include="..\3rdParty\ML_lib\ML_mat.nasm">
      <Filter>3rdParty\ML_lib</Filter>
    </None>
    <None Include="packages.config" />
  </ItemGroup>
</Project>