
Microsoft Visual Studio Solution File, Format Version 12.00
# Visual Studio Version 17
VisualStudioVersion = 17.14.36623.8 d17.14
MinimumVisualStudioVersion = 10.0.40219.1
Project("{8BC9CEB8-8B4A-11D0-8D11-00A0C91BC942}") = "legacy3d", "engine\legacy3d.vcxproj", "{F8D47696-AB3C-48D8-BFB9-CE00E6D87F62}"
	ProjectSection(ProjectDependencies) = postProject
		{781F293B-FC2C-404E-A2E6-A4D48E7D671D} = {781F293B-FC2C-404E-A2E6-A4D48E7D671D}
	EndProjectSection
EndProject
Project("{8BC9CEB8-8B4A-11D0-8D11-00A0C91BC942}") = "LMEdit", "LMEdit\LMEdit.vcxproj", "{80C50316-FBE4-4680-B4BF-F5D0BEFEBD8A}"
EndProject
Project("{8BC9CEB8-8B4A-11D0-8D11-00A0C91BC942}") = "lf_sys2", "VS\lf_sys2\lf_sys2.vcxproj", "{781F293B-FC2C-404E-A2E6-A4D48E7D671D}"
EndProject
Global
	GlobalSection(SolutionConfigurationPlatforms) = preSolution
		Debug|Win32 = Debug|Win32
		Release|Win32 = Release|Win32
	EndGlobalSection
	GlobalSection(ProjectConfigurationPlatforms) = postSolution
		{F8D47696-AB3C-48D8-BFB9-CE00E6D87F62}.Debug|Win32.ActiveCfg = Debug|Win32
		{F8D47696-AB3C-48D8-BFB9-CE00E6D87F62}.Debug|Win32.Build.0 = Debug|Win32
		{F8D47696-AB3C-48D8-BFB9-CE00E6D87F62}.Release|Win32.ActiveCfg = Release|Win32
		{F8D47696-AB3C-48D8-BFB9-CE00E6D87F62}.Release|Win32.Build.0 = Release|Win32
		{80C50316-FBE4-4680-B4BF-F5D0BEFEBD8A}.Debug|Win32.ActiveCfg = Debug|Win32
		{80C50316-FBE4-4680-B4BF-F5D0BEFEBD8A}.Debug|Win32.Build.0 = Debug|Win32
		{80C50316-FBE4-4680-B4BF-F5D0BEFEBD8A}.Release|Win32.ActiveCfg = Release|Win32
		{80C50316-FBE4-4680-B4BF-F5D0BEFEBD8A}.Release|Win32.Build.0 = Release|Win32
		{781F293B-FC2C-404E-A2E6-A4D48E7D671D}.Debug|Win32.ActiveCfg = Debug|Win32
		{781F293B-FC2C-404E-A2E6-A4D48E7D671D}.Debug|Win32.Build.0 = Debug|Win32
		{781F293B-FC2C-404E-A2E6-A4D48E7D671D}.Release|Win32.ActiveCfg = Release|Win32
		{781F293B-FC2C-404E-A2E6-A4D48E7D671D}.Release|Win32.Build.0 = Release|Win32
	EndGlobalSection
	GlobalSection(SolutionProperties) = preSolution
		HideSolutionNode = FALSE
	EndGlobalSection
	GlobalSection(ExtensibilityGlobals) = postSolution
		SolutionGuid = {822A5312-46EF-4D29-981D-1806339FB132}
	EndGlobalSection
EndGlobal
